
Microsoft Visual Studio Solution File, Format Version 12.00
# Visual Studio Version 17
VisualStudioVersion = 17.6.33815.320
MinimumVisualStudioVersion = 10.0.40219.1
Project("{FAE04EC0-301F-11D3-BF4B-00C04F79EFBC}") = "SpiderClueService", "SpiderClueService.csproj", "{42E4E31B-1068-4573-97FA-5C2846C85A65}"
EndProject
Project("{FAE04EC0-301F-11D3-BF4B-00C04F79EFBC}") = "GameService", "..\GameService\GameService.csproj", "{1F5A7BDC-9C9C-4105-A7C3-7403A86E3C12}"
EndProject
Project("{FAE04EC0-301F-11D3-BF4B-00C04F79EFBC}") = "DataBaseManager", "..\DataBaseManager\DataBaseManager.csproj", "{FC7520E6-06D0-47BD-99BB-F02C8A24547A}"
EndProject
Project("{FAE04EC0-301F-11D3-BF4B-00C04F79EFBC}") = "SpiderClueServerTest", "..\SpiderClueServerTest\SpiderClueServerTest.csproj", "{1EA8F648-E761-42D3-AFB4-500A4938DE42}"
EndProject
Global
	GlobalSection(SolutionConfigurationPlatforms) = preSolution
		Debug|Any CPU = Debug|Any CPU
		Release|Any CPU = Release|Any CPU
	EndGlobalSection
	GlobalSection(ProjectConfigurationPlatforms) = postSolution
		{42E4E31B-1068-4573-97FA-5C2846C85A65}.Debug|Any CPU.ActiveCfg = Debug|Any CPU
		{42E4E31B-1068-4573-97FA-5C2846C85A65}.Debug|Any CPU.Build.0 = Debug|Any CPU
		{42E4E31B-1068-4573-97FA-5C2846C85A65}.Release|Any CPU.ActiveCfg = Release|Any CPU
		{42E4E31B-1068-4573-97FA-5C2846C85A65}.Release|Any CPU.Build.0 = Release|Any CPU
		{1F5A7BDC-9C9C-4105-A7C3-7403A86E3C12}.Debug|Any CPU.ActiveCfg = Debug|Any CPU
		{1F5A7BDC-9C9C-4105-A7C3-7403A86E3C12}.Debug|Any CPU.Build.0 = Debug|Any CPU
		{1F5A7BDC-9C9C-4105-A7C3-7403A86E3C12}.Release|Any CPU.ActiveCfg = Release|Any CPU
		{1F5A7BDC-9C9C-4105-A7C3-7403A86E3C12}.Release|Any CPU.Build.0 = Release|Any CPU
		{FC7520E6-06D0-47BD-99BB-F02C8A24547A}.Debug|Any CPU.ActiveCfg = Debug|Any CPU
		{FC7520E6-06D0-47BD-99BB-F02C8A24547A}.Debug|Any CPU.Build.0 = Debug|Any CPU
		{FC7520E6-06D0-47BD-99BB-F02C8A24547A}.Release|Any CPU.ActiveCfg = Release|Any CPU
		{FC7520E6-06D0-47BD-99BB-F02C8A24547A}.Release|Any CPU.Build.0 = Release|Any CPU
		{1EA8F648-E761-42D3-AFB4-500A4938DE42}.Debug|Any CPU.ActiveCfg = Debug|Any CPU
		{1EA8F648-E761-42D3-AFB4-500A4938DE42}.Debug|Any CPU.Build.0 = Debug|Any CPU
		{1EA8F648-E761-42D3-AFB4-500A4938DE42}.Release|Any CPU.ActiveCfg = Release|Any CPU
		{1EA8F648-E761-42D3-AFB4-500A4938DE42}.Release|Any CPU.Build.0 = Release|Any CPU
	EndGlobalSection
	GlobalSection(SolutionProperties) = preSolution
		HideSolutionNode = FALSE
	EndGlobalSection
	GlobalSection(ExtensibilityGlobals) = postSolution
		SolutionGuid = {603D046B-E2BB-42F7-9BCF-E2B9A429BDBC}
	EndGlobalSection
EndGlobal
